{
  "originHash" : "342d35655b99a59c7e5603c41e7131f4da6b349cac9cdb0f7e07b6ad7430f558",
  "pins" : [
    {
      "identity" : "keyboard",
      "kind" : "remoteSourceControl",
      "location" : "https://github.com/SabbirAhmedSaqlain/keyboard.git",
      "state" : {
        "branch" : "master",
        "revision" : "4d0dcdff58395a696c8f99613a3efe0b7211f71c"
      }
    }
  ],
  "version" : 3
}
